
Microsoft Visual Studio Solution File, Format Version 12.00
# Visual Studio 14
VisualStudioVersion = 14.0.24720.0
MinimumVisualStudioVersion = 10.0.40219.1
Project("{FAE04EC0-301F-11D3-BF4B-00C04F79EFBC}") = "CodeFirstExistingDB", "CodeFirstExistingDB\CodeFirstExistingDB.csproj", "{B4702711-2D82-49D4-8E55-0953E8424C1D}"
EndProject
Global
	GlobalSection(SolutionConfigurationPlatforms) = preSolution
		Debug|Any CPU = Debug|Any CPU
		Release|Any CPU = Release|Any CPU
	EndGlobalSection
	GlobalSection(ProjectConfigurationPlatforms) = postSolution
		{B4702711-2D82-49D4-8E55-0953E8424C1D}.Debug|Any CPU.ActiveCfg = Debug|Any CPU
		{B4702711-2D82-49D4-8E55-0953E8424C1D}.Debug|Any CPU.Build.0 = Debug|Any CPU
		{B4702711-2D82-49D4-8E55-0953E8424C1D}.Release|Any CPU.ActiveCfg = Release|Any CPU
		{B4702711-2D82-49D4-8E55-0953E8424C1D}.Release|Any CPU.Build.0 = Release|Any CPU
	EndGlobalSection
	GlobalSection(SolutionProperties) = preSolution
		HideSolutionNode = FALSE
	EndGlobalSection
EndGlobal
